{
  "name": "login-system",
  "lockfileVersion": 2,
  "requires": true,
  "packages": {
    "": {
      "dependencies": {
        "idgen": "^2.1.0"
      }
    },
    "node_modules/idgen": {
      "version": "2.1.0",
      "resolved": "https://registry.npmjs.org/idgen/-/idgen-2.1.0.tgz",
      "integrity": "sha512-gFqW29tHfEpjScFOa42slt3UWL+SKhhqD/0ryh0/bGtYiLkvmTG9jWAcXpvQRROdm+0yBjJngA1VukCiJAzj1A==",
      "bin": {
        "idgen": "bin/idgen.sh"
      }
    }
  },
  "dependencies": {
    "idgen": {
      "version": "2.1.0",
      "resolved": "https://registry.npmjs.org/idgen/-/idgen-2.1.0.tgz",
      "integrity": "sha512-gFqW29tHfEpjScFOa42slt3UWL+SKhhqD/0ryh0/bGtYiLkvmTG9jWAcXpvQRROdm+0yBjJngA1VukCiJAzj1A=="
    }
  }
}
